
Microsoft Visual Studio Solution File, Format Version 12.00
# Visual Studio Version 17
VisualStudioVersion = 17.4.33110.190
MinimumVisualStudioVersion = 10.0.40219.1
Project("{FAE04EC0-301F-11D3-BF4B-00C04F79EFBC}") = "QuestionFourNumberFour", "QuestionFourNumberFour\QuestionFourNumberFour.csproj", "{FDB32064-01F8-4D71-A6B8-542C16BE4621}"
EndProject
Global
	GlobalSection(SolutionConfigurationPlatforms) = preSolution
		Debug|Any CPU = Debug|Any CPU
		Release|Any CPU = Release|Any CPU
	EndGlobalSection
	GlobalSection(ProjectConfigurationPlatforms) = postSolution
		{FDB32064-01F8-4D71-A6B8-542C16BE4621}.Debug|Any CPU.ActiveCfg = Debug|Any CPU
		{FDB32064-01F8-4D71-A6B8-542C16BE4621}.Debug|Any CPU.Build.0 = Debug|Any CPU
		{FDB32064-01F8-4D71-A6B8-542C16BE4621}.Release|Any CPU.ActiveCfg = Release|Any CPU
		{FDB32064-01F8-4D71-A6B8-542C16BE4621}.Release|Any CPU.Build.0 = Release|Any CPU
	EndGlobalSection
	GlobalSection(SolutionProperties) = preSolution
		HideSolutionNode = FALSE
	EndGlobalSection
	GlobalSection(ExtensibilityGlobals) = postSolution
		SolutionGuid = {41AABE2C-DA38-466A-83B2-EB38A9928891}
	EndGlobalSection
EndGlobal
